
Microsoft Visual Studio Solution File, Format Version 12.00
# Visual Studio Version 17
VisualStudioVersion = 17.11.35312.102
MinimumVisualStudioVersion = 10.0.40219.1
Project("{FAE04EC0-301F-11D3-BF4B-00C04F79EFBC}") = "Клуб любителей скачек", "Клуб любителей скачек\Клуб любителей скачек.csproj", "{13017A70-DF25-4014-BC35-55AC83BC8D32}"
EndProject
Global
	GlobalSection(SolutionConfigurationPlatforms) = preSolution
		Debug|Any CPU = Debug|Any CPU
		Release|Any CPU = Release|Any CPU
	EndGlobalSection
	GlobalSection(ProjectConfigurationPlatforms) = postSolution
		{13017A70-DF25-4014-BC35-55AC83BC8D32}.Debug|Any CPU.ActiveCfg = Debug|Any CPU
		{13017A70-DF25-4014-BC35-55AC83BC8D32}.Debug|Any CPU.Build.0 = Debug|Any CPU
		{13017A70-DF25-4014-BC35-55AC83BC8D32}.Release|Any CPU.ActiveCfg = Release|Any CPU
		{13017A70-DF25-4014-BC35-55AC83BC8D32}.Release|Any CPU.Build.0 = Release|Any CPU
	EndGlobalSection
	GlobalSection(SolutionProperties) = preSolution
		HideSolutionNode = FALSE
	EndGlobalSection
	GlobalSection(ExtensibilityGlobals) = postSolution
		SolutionGuid = {A11BA0E9-9461-43CE-8621-CC4916A79E1D}
	EndGlobalSection
EndGlobal
